
Microsoft Visual Studio Solution File, Format Version 12.00
# Visual Studio Version 17
VisualStudioVersion = 17.14.37411.7
MinimumVisualStudioVersion = 10.0.40219.1
Project("{FAE04EC0-301F-11D3-BF4B-00C04F79EFBC}") = "AtualizadorGenerico", "AtualizadorGenerico.API\AtualizadorGenerico.csproj", "{B26FFEA0-1D31-A416-B4B5-EE452E4E1D57}"
EndProject
Project("{FAE04EC0-301F-11D3-BF4B-00C04F79EFBC}") = "Updater", "AtualizadorGenerico.Client\Updater.csproj", "{D525E686-91B9-4C06-BB89-C8600477C79F}"
EndProject
Global
	GlobalSection(SolutionConfigurationPlatforms) = preSolution
		Debug|Any CPU = Debug|Any CPU
		Release|Any CPU = Release|Any CPU
	EndGlobalSection
	GlobalSection(ProjectConfigurationPlatforms) = postSolution
		{B26FFEA0-1D31-A416-B4B5-EE452E4E1D57}.Debug|Any CPU.ActiveCfg = Debug|Any CPU
		{B26FFEA0-1D31-A416-B4B5-EE452E4E1D57}.Debug|Any CPU.Build.0 = Debug|Any CPU
		{B26FFEA0-1D31-A416-B4B5-EE452E4E1D57}.Release|Any CPU.ActiveCfg = Release|Any CPU
		{B26FFEA0-1D31-A416-B4B5-EE452E4E1D57}.Release|Any CPU.Build.0 = Release|Any CPU
		{D525E686-91B9-4C06-BB89-C8600477C79F}.Debug|Any CPU.ActiveCfg = Debug|Any CPU
		{D525E686-91B9-4C06-BB89-C8600477C79F}.Debug|Any CPU.Build.0 = Debug|Any CPU
		{D525E686-91B9-4C06-BB89-C8600477C79F}.Release|Any CPU.ActiveCfg = Release|Any CPU
		{D525E686-91B9-4C06-BB89-C8600477C79F}.Release|Any CPU.Build.0 = Release|Any CPU
	EndGlobalSection
	GlobalSection(SolutionProperties) = preSolution
		HideSolutionNode = FALSE
	EndGlobalSection
	GlobalSection(ExtensibilityGlobals) = postSolution
		SolutionGuid = {FBA8E06F-6CFE-4013-93A9-1FA09E4CCD2E}
	EndGlobalSection
EndGlobal
